// !$*UTF8*$!
{
	archiveVersion = 1;
	classes = {
	};
	objectVersion = 50;
	objects = {

/* Begin PBXBuildFile section */
		CE84D3C222F1BCBF0012BA85 /* LineFinder.cpp in Sources */ = {isa = PBXBuildFile; fileRef = CE84D3C022F1BCBF0012BA85 /* LineFinder.cpp */; };
		CE84D3F922F1C5D00012BA85 /* Helper.cpp in Sources */ = {isa = PBXBuildFile; fileRef = CE84D3F722F1C5D00012BA85 /* Helper.cpp */; };
		CE84D3FF22F47CC70012BA85 /* Visualizer.cpp in Sources */ = {isa = PBXBuildFile; fileRef = CE84D3FD22F47CC70012BA85 /* Visualizer.cpp */; };
		CEDABA0B22F1A75500DF9D4B /* main.cpp in Sources */ = {isa = PBXBuildFile; fileRef = CEDABA0A22F1A75500DF9D4B /* main.cpp */; };
/* End PBXBuildFile section */

/* Begin PBXCopyFilesBuildPhase section */
		CEDABA0522F1A75500DF9D4B /* CopyFiles */ = {
			isa = PBXCopyFilesBuildPhase;
			buildActionMask = 2147483647;
			dstPath = /usr/share/man/man1/;
			dstSubfolderSpec = 0;
			files = (
			);
			runOnlyForDeploymentPostprocessing = 1;
		};
/* End PBXCopyFilesBuildPhase section */

/* Begin PBXFileReference section */
		CE84D3C022F1BCBF0012BA85 /* LineFinder.cpp */ = {isa = PBXFileReference; lastKnownFileType = sourcecode.cpp.cpp; path = LineFinder.cpp; sourceTree = "<group>"; };
		CE84D3C122F1BCBF0012BA85 /* LineFinder.hpp */ = {isa = PBXFileReference; lastKnownFileType = sourcecode.cpp.h; path = LineFinder.hpp; sourceTree = "<group>"; };
		CE84D3C422F1BDE10012BA85 /* test26.jpg */ = {isa = PBXFileReference; lastKnownFileType = image.jpeg; path = test26.jpg; sourceTree = "<group>"; };
		CE84D3C522F1BDE10012BA85 /* test12.jpg */ = {isa = PBXFileReference; lastKnownFileType = image.jpeg; path = test12.jpg; sourceTree = "<group>"; };
		CE84D3C622F1BDE10012BA85 /* test43.jpg */ = {isa = PBXFileReference; lastKnownFileType = image.jpeg; path = test43.jpg; sourceTree = "<group>"; };
		CE84D3C722F1BDE10012BA85 /* test0.jpg */ = {isa = PBXFileReference; lastKnownFileType = image.jpeg; path = test0.jpg; sourceTree = "<group>"; };
		CE84D3C822F1BDE10012BA85 /* test32.jpg */ = {isa = PBXFileReference; lastKnownFileType = image.jpeg; path = test32.jpg; sourceTree = "<group>"; };
		CE84D3C922F1BDE10012BA85 /* test46.jpg */ = {isa = PBXFileReference; lastKnownFileType = image.jpeg; path = test46.jpg; sourceTree = "<group>"; };
		CE84D3CA22F1BDE10012BA85 /* test1.jpg */ = {isa = PBXFileReference; lastKnownFileType = image.jpeg; path = test1.jpg; sourceTree = "<group>"; };
		CE84D3CB22F1BDE10012BA85 /* test24.jpg */ = {isa = PBXFileReference; lastKnownFileType = image.jpeg; path = test24.jpg; sourceTree = "<group>"; };
		CE84D3CC22F1BDE10012BA85 /* test38.jpg */ = {isa = PBXFileReference; lastKnownFileType = image.jpeg; path = test38.jpg; sourceTree = "<group>"; };
		CE84D3CD22F1BDE10012BA85 /* test23.jpg */ = {isa = PBXFileReference; lastKnownFileType = image.jpeg; path = test23.jpg; sourceTree = "<group>"; };
		CE84D3CE22F1BDE10012BA85 /* test21.jpg */ = {isa = PBXFileReference; lastKnownFileType = image.jpeg; path = test21.jpg; sourceTree = "<group>"; };
		CE84D3CF22F1BDE10012BA85 /* test15.jpg */ = {isa = PBXFileReference; lastKnownFileType = image.jpeg; path = test15.jpg; sourceTree = "<group>"; };
		CE84D3D022F1BDE10012BA85 /* test2.jpg */ = {isa = PBXFileReference; lastKnownFileType = image.jpeg; path = test2.jpg; sourceTree = "<group>"; };
		CE84D3D122F1BDE10012BA85 /* test10.jpg */ = {isa = PBXFileReference; lastKnownFileType = image.jpeg; path = test10.jpg; sourceTree = "<group>"; };
		CE84D3D222F1BDE10012BA85 /* test33.jpg */ = {isa = PBXFileReference; lastKnownFileType = image.jpeg; path = test33.jpg; sourceTree = "<group>"; };
		CE84D3D322F1BDE10012BA85 /* test22.jpg */ = {isa = PBXFileReference; lastKnownFileType = image.jpeg; path = test22.jpg; sourceTree = "<group>"; };
		CE84D3D422F1BDE10012BA85 /* test3.jpg */ = {isa = PBXFileReference; lastKnownFileType = image.jpeg; path = test3.jpg; sourceTree = "<group>"; };
		CE84D3D522F1BDE10012BA85 /* test37.jpg */ = {isa = PBXFileReference; lastKnownFileType = image.jpeg; path = test37.jpg; sourceTree = "<group>"; };
		CE84D3D622F1BDE10012BA85 /* test31.jpg */ = {isa = PBXFileReference; lastKnownFileType = image.jpeg; path = test31.jpg; sourceTree = "<group>"; };
		CE84D3D722F1BDE10012BA85 /* test6.jpg */ = {isa = PBXFileReference; lastKnownFileType = image.jpeg; path = test6.jpg; sourceTree = "<group>"; };
		CE84D3D822F1BDE10012BA85 /* test42.jpg */ = {isa = PBXFileReference; lastKnownFileType = image.jpeg; path = test42.jpg; sourceTree = "<group>"; };
		CE84D3D922F1BDE10012BA85 /* test45.jpg */ = {isa = PBXFileReference; lastKnownFileType = image.jpeg; path = test45.jpg; sourceTree = "<group>"; };
		CE84D3DA22F1BDE10012BA85 /* test4.jpg */ = {isa = PBXFileReference; lastKnownFileType = image.jpeg; path = test4.jpg; sourceTree = "<group>"; };
		CE84D3DB22F1BDE10012BA85 /* test14.jpg */ = {isa = PBXFileReference; lastKnownFileType = image.jpeg; path = test14.jpg; sourceTree = "<group>"; };
		CE84D3DC22F1BDE10012BA85 /* test13.jpg */ = {isa = PBXFileReference; lastKnownFileType = image.jpeg; path = test13.jpg; sourceTree = "<group>"; };
		CE84D3DD22F1BDE10012BA85 /* test9.jpg */ = {isa = PBXFileReference; lastKnownFileType = image.jpeg; path = test9.jpg; sourceTree = "<group>"; };
		CE84D3DE22F1BDE10012BA85 /* test48.jpg */ = {isa = PBXFileReference; lastKnownFileType = image.jpeg; path = test48.jpg; sourceTree = "<group>"; };
		CE84D3DF22F1BDE20012BA85 /* test28.jpg */ = {isa = PBXFileReference; lastKnownFileType = image.jpeg; path = test28.jpg; sourceTree = "<group>"; };
		CE84D3E022F1BDE20012BA85 /* test27.jpg */ = {isa = PBXFileReference; lastKnownFileType = image.jpeg; path = test27.jpg; sourceTree = "<group>"; };
		CE84D3E122F1BDE20012BA85 /* test29.jpg */ = {isa = PBXFileReference; lastKnownFileType = image.jpeg; path = test29.jpg; sourceTree = "<group>"; };
		CE84D3E222F1BDE20012BA85 /* test7.jpg */ = {isa = PBXFileReference; lastKnownFileType = image.jpeg; path = test7.jpg; sourceTree = "<group>"; };
		CE84D3E322F1BDE20012BA85 /* test16.jpg */ = {isa = PBXFileReference; lastKnownFileType = image.jpeg; path = test16.jpg; sourceTree = "<group>"; };
		CE84D3E422F1BDE20012BA85 /* test36.jpg */ = {isa = PBXFileReference; lastKnownFileType = image.jpeg; path = test36.jpg; sourceTree = "<group>"; };
		CE84D3E522F1BDE20012BA85 /* test18.jpg */ = {isa = PBXFileReference; lastKnownFileType = image.jpeg; path = test18.jpg; sourceTree = "<group>"; };
		CE84D3E622F1BDE20012BA85 /* test19.jpg */ = {isa = PBXFileReference; lastKnownFileType = image.jpeg; path = test19.jpg; sourceTree = "<group>"; };
		CE84D3E722F1BDE20012BA85 /* test50.jpg */ = {isa = PBXFileReference; lastKnownFileType = image.jpeg; path = test50.jpg; sourceTree = "<group>"; };
		CE84D3E822F1BDE20012BA85 /* test34.jpg */ = {isa = PBXFileReference; lastKnownFileType = image.jpeg; path = test34.jpg; sourceTree = "<group>"; };
		CE84D3E922F1BDE20012BA85 /* test44.jpg */ = {isa = PBXFileReference; lastKnownFileType = image.jpeg; path = test44.jpg; sourceTree = "<group>"; };
		CE84D3EA22F1BDE20012BA85 /* test40.jpg */ = {isa = PBXFileReference; lastKnownFileType = image.jpeg; path = test40.jpg; sourceTree = "<group>"; };
		CE84D3EB22F1BDE20012BA85 /* test41.jpg */ = {isa = PBXFileReference; lastKnownFileType = image.jpeg; path = test41.jpg; sourceTree = "<group>"; };
		CE84D3EC22F1BDE30012BA85 /* test39.jpg */ = {isa = PBXFileReference; lastKnownFileType = image.jpeg; path = test39.jpg; sourceTree = "<group>"; };
		CE84D3ED22F1BDE30012BA85 /* test35.jpg */ = {isa = PBXFileReference; lastKnownFileType = image.jpeg; path = test35.jpg; sourceTree = "<group>"; };
		CE84D3EE22F1BDE30012BA85 /* test30.jpg */ = {isa = PBXFileReference; lastKnownFileType = image.jpeg; path = test30.jpg; sourceTree = "<group>"; };
		CE84D3EF22F1BDE30012BA85 /* test17.jpg */ = {isa = PBXFileReference; lastKnownFileType = image.jpeg; path = test17.jpg; sourceTree = "<group>"; };
		CE84D3F022F1BDE30012BA85 /* test11.jpg */ = {isa = PBXFileReference; lastKnownFileType = image.jpeg; path = test11.jpg; sourceTree = "<group>"; };
		CE84D3F122F1BDE30012BA85 /* test20.jpg */ = {isa = PBXFileReference; lastKnownFileType = image.jpeg; path = test20.jpg; sourceTree = "<group>"; };
		CE84D3F222F1BDE30012BA85 /* test49.jpg */ = {isa = PBXFileReference; lastKnownFileType = image.jpeg; path = test49.jpg; sourceTree = "<group>"; };
		CE84D3F322F1BDE30012BA85 /* test5.jpg */ = {isa = PBXFileReference; lastKnownFileType = image.jpeg; path = test5.jpg; sourceTree = "<group>"; };
		CE84D3F422F1BDE30012BA85 /* test8.jpg */ = {isa = PBXFileReference; lastKnownFileType = image.jpeg; path = test8.jpg; sourceTree = "<group>"; };
		CE84D3F522F1BDE30012BA85 /* test25.jpg */ = {isa = PBXFileReference; lastKnownFileType = image.jpeg; path = test25.jpg; sourceTree = "<group>"; };
		CE84D3F622F1BDE30012BA85 /* test47.jpg */ = {isa = PBXFileReference; lastKnownFileType = image.jpeg; path = test47.jpg; sourceTree = "<group>"; };
		CE84D3F722F1C5D00012BA85 /* Helper.cpp */ = {isa = PBXFileReference; lastKnownFileType = sourcecode.cpp.cpp; path = Helper.cpp; sourceTree = "<group>"; };
		CE84D3F822F1C5D00012BA85 /* Helper.hpp */ = {isa = PBXFileReference; lastKnownFileType = sourcecode.cpp.h; path = Helper.hpp; sourceTree = "<group>"; };
		CE84D3FB22F1C7AD0012BA85 /* Candidate.hpp */ = {isa = PBXFileReference; lastKnownFileType = sourcecode.cpp.h; path = Candidate.hpp; sourceTree = "<group>"; };
		CE84D3FD22F47CC70012BA85 /* Visualizer.cpp */ = {isa = PBXFileReference; lastKnownFileType = sourcecode.cpp.cpp; path = Visualizer.cpp; sourceTree = "<group>"; };
		CE84D3FE22F47CC70012BA85 /* Visualizer.hpp */ = {isa = PBXFileReference; lastKnownFileType = sourcecode.cpp.h; path = Visualizer.hpp; sourceTree = "<group>"; };
		CE84D40222F546EA0012BA85 /* test27_stdHough.png */ = {isa = PBXFileReference; lastKnownFileType = image.png; path = test27_stdHough.png; sourceTree = "<group>"; };
		CE84D40322F546EA0012BA85 /* test27_stdLocalHough.png */ = {isa = PBXFileReference; lastKnownFileType = image.png; path = test27_stdLocalHough.png; sourceTree = "<group>"; };
		CE84D40422F547FE0012BA85 /* test25_stdLocalHough.png */ = {isa = PBXFileReference; lastKnownFileType = image.png; path = test25_stdLocalHough.png; sourceTree = "<group>"; };
		CE84D40522F547FE0012BA85 /* test25_stdHough.png */ = {isa = PBXFileReference; lastKnownFileType = image.png; path = test25_stdHough.png; sourceTree = "<group>"; };
		CE84D40622F548A20012BA85 /* test0_stdHough.png */ = {isa = PBXFileReference; lastKnownFileType = image.png; path = test0_stdHough.png; sourceTree = "<group>"; };
		CE84D40722F548A20012BA85 /* test0_stdLocalHough.png */ = {isa = PBXFileReference; lastKnownFileType = image.png; path = test0_stdLocalHough.png; sourceTree = "<group>"; };
		CE84D40822F548DE0012BA85 /* test1_stdLocalHough.png */ = {isa = PBXFileReference; lastKnownFileType = image.png; path = test1_stdLocalHough.png; sourceTree = "<group>"; };
		CE84D40922F548DE0012BA85 /* test1_stdHough.png */ = {isa = PBXFileReference; lastKnownFileType = image.png; path = test1_stdHough.png; sourceTree = "<group>"; };
		CE84D40A22F589FE0012BA85 /* test32_orig.png */ = {isa = PBXFileReference; lastKnownFileType = image.png; path = test32_orig.png; sourceTree = "<group>"; };
		CE84D40B22F589FE0012BA85 /* test27_naiveLocalHough.png */ = {isa = PBXFileReference; lastKnownFileType = image.png; path = test27_naiveLocalHough.png; sourceTree = "<group>"; };
		CE84D40C22F589FE0012BA85 /* test32_stdLocalHough.png */ = {isa = PBXFileReference; lastKnownFileType = image.png; path = test32_stdLocalHough.png; sourceTree = "<group>"; };
		CE84D40D22F589FE0012BA85 /* test32_stdHough.png */ = {isa = PBXFileReference; lastKnownFileType = image.png; path = test32_stdHough.png; sourceTree = "<group>"; };
		CE84D40E22F589FE0012BA85 /* test1_naiveLocalHough.png */ = {isa = PBXFileReference; lastKnownFileType = image.png; path = test1_naiveLocalHough.png; sourceTree = "<group>"; };
		CE84D40F22F589FE0012BA85 /* test27_orig.png */ = {isa = PBXFileReference; lastKnownFileType = image.png; path = test27_orig.png; sourceTree = "<group>"; };
		CE84D41022F589FE0012BA85 /* test32_naiveLocalHough.png */ = {isa = PBXFileReference; lastKnownFileType = image.png; path = test32_naiveLocalHough.png; sourceTree = "<group>"; };
		CE84D41122F58BB60012BA85 /* test28_naiveLocalHough.png */ = {isa = PBXFileReference; lastKnownFileType = image.png; path = test28_naiveLocalHough.png; sourceTree = "<group>"; };
		CE84D41222F58BB60012BA85 /* test28_stdLocalHough.png */ = {isa = PBXFileReference; lastKnownFileType = image.png; path = test28_stdLocalHough.png; sourceTree = "<group>"; };
		CE84D41322F58BB60012BA85 /* test28_orig.png */ = {isa = PBXFileReference; lastKnownFileType = image.png; path = test28_orig.png; sourceTree = "<group>"; };
		CE84D41422F58BB60012BA85 /* test28_stdHough.png */ = {isa = PBXFileReference; lastKnownFileType = image.png; path = test28_stdHough.png; sourceTree = "<group>"; };
		CE84D41522F58C120012BA85 /* test37_stdHough.png */ = {isa = PBXFileReference; lastKnownFileType = image.png; path = test37_stdHough.png; sourceTree = "<group>"; };
		CE84D41622F58C120012BA85 /* test37_orig.png */ = {isa = PBXFileReference; lastKnownFileType = image.png; path = test37_orig.png; sourceTree = "<group>"; };
		CE84D41722F58C130012BA85 /* test37_naiveLocalHough.png */ = {isa = PBXFileReference; lastKnownFileType = image.png; path = test37_naiveLocalHough.png; sourceTree = "<group>"; };
		CE84D41822F58C130012BA85 /* test37_stdLocalHough.png */ = {isa = PBXFileReference; lastKnownFileType = image.png; path = test37_stdLocalHough.png; sourceTree = "<group>"; };
		CE84D41922F58CCA0012BA85 /* test21_orig.png */ = {isa = PBXFileReference; lastKnownFileType = image.png; path = test21_orig.png; sourceTree = "<group>"; };
		CE84D41A22F58CCA0012BA85 /* test21_naiveLocalHough.png */ = {isa = PBXFileReference; lastKnownFileType = image.png; path = test21_naiveLocalHough.png; sourceTree = "<group>"; };
		CE84D41B22F58CCA0012BA85 /* test21_stdHough.png */ = {isa = PBXFileReference; lastKnownFileType = image.png; path = test21_stdHough.png; sourceTree = "<group>"; };
		CE84D41C22F58CCA0012BA85 /* test21_stdLocalHough.png */ = {isa = PBXFileReference; lastKnownFileType = image.png; path = test21_stdLocalHough.png; sourceTree = "<group>"; };
		CE84D41D22F58D2B0012BA85 /* test1_orig.png */ = {isa = PBXFileReference; lastKnownFileType = image.png; path = test1_orig.png; sourceTree = "<group>"; };
		CE84D41E22F58DA50012BA85 /* test25_orig.png */ = {isa = PBXFileReference; lastKnownFileType = image.png; path = test25_orig.png; sourceTree = "<group>"; };
		CE84D41F22F58DA50012BA85 /* test40_naiveLocalHough.png */ = {isa = PBXFileReference; lastKnownFileType = image.png; path = test40_naiveLocalHough.png; sourceTree = "<group>"; };
		CE84D42022F58DA50012BA85 /* test0_naiveLocalHough.png */ = {isa = PBXFileReference; lastKnownFileType = image.png; path = test0_naiveLocalHough.png; sourceTree = "<group>"; };
		CE84D42122F58DA60012BA85 /* test0_orig.png */ = {isa = PBXFileReference; lastKnownFileType = image.png; path = test0_orig.png; sourceTree = "<group>"; };
		CE84D42222F58DA60012BA85 /* test40_stdHough.png */ = {isa = PBXFileReference; lastKnownFileType = image.png; path = test40_stdHough.png; sourceTree = "<group>"; };
		CE84D42322F58DA60012BA85 /* test40_stdLocalHough.png */ = {isa = PBXFileReference; lastKnownFileType = image.png; path = test40_stdLocalHough.png; sourceTree = "<group>"; };
		CE84D42422F58DA60012BA85 /* test25_naiveLocalHough.png */ = {isa = PBXFileReference; lastKnownFileType = image.png; path = test25_naiveLocalHough.png; sourceTree = "<group>"; };
		CE84D42522F58DA60012BA85 /* test40_orig.png */ = {isa = PBXFileReference; lastKnownFileType = image.png; path = test40_orig.png; sourceTree = "<group>"; };
		CEDABA0722F1A75500DF9D4B /* local-hough-line-cpp */ = {isa = PBXFileReference; explicitFileType = "compiled.mach-o.executable"; includeInIndex = 0; path = "local-hough-line-cpp"; sourceTree = BUILT_PRODUCTS_DIR; };
		CEDABA0A22F1A75500DF9D4B /* main.cpp */ = {isa = PBXFileReference; lastKnownFileType = sourcecode.cpp.cpp; path = main.cpp; sourceTree = "<group>"; };
/* End PBXFileReference section */

/* Begin PBXFrameworksBuildPhase section */
		CEDABA0422F1A75500DF9D4B /* Frameworks */ = {
			isa = PBXFrameworksBuildPhase;
			buildActionMask = 2147483647;
			files = (
			);
			runOnlyForDeploymentPostprocessing = 0;
		};
/* End PBXFrameworksBuildPhase section */

/* Begin PBXGroup section */
		CE84D3C322F1BD6C0012BA85 /* images */ = {
			isa = PBXGroup;
			children = (
				CE84D40122F5430F0012BA85 /* results */,
				CE84D3C722F1BDE10012BA85 /* test0.jpg */,
				CE84D3CA22F1BDE10012BA85 /* test1.jpg */,
				CE84D3D022F1BDE10012BA85 /* test2.jpg */,
				CE84D3D422F1BDE10012BA85 /* test3.jpg */,
				CE84D3DA22F1BDE10012BA85 /* test4.jpg */,
				CE84D3F322F1BDE30012BA85 /* test5.jpg */,
				CE84D3D722F1BDE10012BA85 /* test6.jpg */,
				CE84D3E222F1BDE20012BA85 /* test7.jpg */,
				CE84D3F422F1BDE30012BA85 /* test8.jpg */,
				CE84D3DD22F1BDE10012BA85 /* test9.jpg */,
				CE84D3D122F1BDE10012BA85 /* test10.jpg */,
				CE84D3F022F1BDE30012BA85 /* test11.jpg */,
				CE84D3C522F1BDE10012BA85 /* test12.jpg */,
				CE84D3DC22F1BDE10012BA85 /* test13.jpg */,
				CE84D3DB22F1BDE10012BA85 /* test14.jpg */,
				CE84D3CF22F1BDE10012BA85 /* test15.jpg */,
				CE84D3E322F1BDE20012BA85 /* test16.jpg */,
				CE84D3EF22F1BDE30012BA85 /* test17.jpg */,
				CE84D3E522F1BDE20012BA85 /* test18.jpg */,
				CE84D3E622F1BDE20012BA85 /* test19.jpg */,
				CE84D3F122F1BDE30012BA85 /* test20.jpg */,
				CE84D3CE22F1BDE10012BA85 /* test21.jpg */,
				CE84D3D322F1BDE10012BA85 /* test22.jpg */,
				CE84D3CD22F1BDE10012BA85 /* test23.jpg */,
				CE84D3CB22F1BDE10012BA85 /* test24.jpg */,
				CE84D3F522F1BDE30012BA85 /* test25.jpg */,
				CE84D3C422F1BDE10012BA85 /* test26.jpg */,
				CE84D3E022F1BDE20012BA85 /* test27.jpg */,
				CE84D3DF22F1BDE20012BA85 /* test28.jpg */,
				CE84D3E122F1BDE20012BA85 /* test29.jpg */,
				CE84D3EE22F1BDE30012BA85 /* test30.jpg */,
				CE84D3D622F1BDE10012BA85 /* test31.jpg */,
				CE84D3C822F1BDE10012BA85 /* test32.jpg */,
				CE84D3D222F1BDE10012BA85 /* test33.jpg */,
				CE84D3E822F1BDE20012BA85 /* test34.jpg */,
				CE84D3ED22F1BDE30012BA85 /* test35.jpg */,
				CE84D3E422F1BDE20012BA85 /* test36.jpg */,
				CE84D3D522F1BDE10012BA85 /* test37.jpg */,
				CE84D3CC22F1BDE10012BA85 /* test38.jpg */,
				CE84D3EC22F1BDE30012BA85 /* test39.jpg */,
				CE84D3EA22F1BDE20012BA85 /* test40.jpg */,
				CE84D3EB22F1BDE20012BA85 /* test41.jpg */,
				CE84D3D822F1BDE10012BA85 /* test42.jpg */,
				CE84D3C622F1BDE10012BA85 /* test43.jpg */,
				CE84D3E922F1BDE20012BA85 /* test44.jpg */,
				CE84D3D922F1BDE10012BA85 /* test45.jpg */,
				CE84D3C922F1BDE10012BA85 /* test46.jpg */,
				CE84D3F622F1BDE30012BA85 /* test47.jpg */,
				CE84D3DE22F1BDE10012BA85 /* test48.jpg */,
				CE84D3F222F1BDE30012BA85 /* test49.jpg */,
				CE84D3E722F1BDE20012BA85 /* test50.jpg */,
			);
			path = images;
			sourceTree = "<group>";
		};
		CE84D40122F5430F0012BA85 /* results */ = {
			isa = PBXGroup;
			children = (
				CE84D42122F58DA60012BA85 /* test0_orig.png */,
				CE84D40622F548A20012BA85 /* test0_stdHough.png */,
				CE84D40722F548A20012BA85 /* test0_stdLocalHough.png */,
				CE84D42022F58DA50012BA85 /* test0_naiveLocalHough.png */,
				CE84D41D22F58D2B0012BA85 /* test1_orig.png */,
				CE84D40922F548DE0012BA85 /* test1_stdHough.png */,
				CE84D40822F548DE0012BA85 /* test1_stdLocalHough.png */,
				CE84D40E22F589FE0012BA85 /* test1_naiveLocalHough.png */,
				CE84D41922F58CCA0012BA85 /* test21_orig.png */,
				CE84D41B22F58CCA0012BA85 /* test21_stdHough.png */,
				CE84D41C22F58CCA0012BA85 /* test21_stdLocalHough.png */,
				CE84D41A22F58CCA0012BA85 /* test21_naiveLocalHough.png */,
				CE84D41622F58C120012BA85 /* test37_orig.png */,
				CE84D41522F58C120012BA85 /* test37_stdHough.png */,
				CE84D41822F58C130012BA85 /* test37_stdLocalHough.png */,
				CE84D41722F58C130012BA85 /* test37_naiveLocalHough.png */,
				CE84D41322F58BB60012BA85 /* test28_orig.png */,
				CE84D41422F58BB60012BA85 /* test28_stdHough.png */,
				CE84D41222F58BB60012BA85 /* test28_stdLocalHough.png */,
				CE84D41122F58BB60012BA85 /* test28_naiveLocalHough.png */,
				CE84D40F22F589FE0012BA85 /* test27_orig.png */,
				CE84D40222F546EA0012BA85 /* test27_stdHough.png */,
				CE84D40322F546EA0012BA85 /* test27_stdLocalHough.png */,
				CE84D40B22F589FE0012BA85 /* test27_naiveLocalHough.png */,
				CE84D40A22F589FE0012BA85 /* test32_orig.png */,
				CE84D40D22F589FE0012BA85 /* test32_stdHough.png */,
				CE84D40C22F589FE0012BA85 /* test32_stdLocalHough.png */,
				CE84D41022F589FE0012BA85 /* test32_naiveLocalHough.png */,
				CE84D41E22F58DA50012BA85 /* test25_orig.png */,
				CE84D42422F58DA60012BA85 /* test25_naiveLocalHough.png */,
				CE84D40522F547FE0012BA85 /* test25_stdHough.png */,
				CE84D40422F547FE0012BA85 /* test25_stdLocalHough.png */,
				CE84D42522F58DA60012BA85 /* test40_orig.png */,
				CE84D42222F58DA60012BA85 /* test40_stdHough.png */,
				CE84D42322F58DA60012BA85 /* test40_stdLocalHough.png */,
				CE84D41F22F58DA50012BA85 /* test40_naiveLocalHough.png */,
			);
			path = results;
			sourceTree = "<group>";
		};
		CEDAB9FE22F1A75500DF9D4B = {
			isa = PBXGroup;
			children = (
				CE84D3C322F1BD6C0012BA85 /* images */,
				CEDABA1122F1A7C200DF9D4B /* src */,
				CEDABA0822F1A75500DF9D4B /* Products */,
			);
			sourceTree = "<group>";
		};
		CEDABA0822F1A75500DF9D4B /* Products */ = {
			isa = PBXGroup;
			children = (
				CEDABA0722F1A75500DF9D4B /* local-hough-line-cpp */,
			);
			name = Products;
			sourceTree = "<group>";
		};
		CEDABA1122F1A7C200DF9D4B /* src */ = {
			isa = PBXGroup;
			children = (
				CEDABA0A22F1A75500DF9D4B /* main.cpp */,
				CE84D3C122F1BCBF0012BA85 /* LineFinder.hpp */,
				CE84D3C022F1BCBF0012BA85 /* LineFinder.cpp */,
				CE84D3F822F1C5D00012BA85 /* Helper.hpp */,
				CE84D3F722F1C5D00012BA85 /* Helper.cpp */,
				CE84D3FB22F1C7AD0012BA85 /* Candidate.hpp */,
				CE84D3FE22F47CC70012BA85 /* Visualizer.hpp */,
				CE84D3FD22F47CC70012BA85 /* Visualizer.cpp */,
			);
			path = src;
			sourceTree = "<group>";
		};
/* End PBXGroup section */

/* Begin PBXNativeTarget section */
		CEDABA0622F1A75500DF9D4B /* local-hough-line-cpp */ = {
			isa = PBXNativeTarget;
			buildConfigurationList = CEDABA0E22F1A75500DF9D4B /* Build configuration list for PBXNativeTarget "local-hough-line-cpp" */;
			buildPhases = (
				CEDABA0322F1A75500DF9D4B /* Sources */,
				CEDABA0422F1A75500DF9D4B /* Frameworks */,
				CEDABA0522F1A75500DF9D4B /* CopyFiles */,
			);
			buildRules = (
			);
			dependencies = (
			);
			name = "local-hough-line-cpp";
			productName = "faster-hough-line-cpp";
			productReference = CEDABA0722F1A75500DF9D4B /* local-hough-line-cpp */;
			productType = "com.apple.product-type.tool";
		};
/* End PBXNativeTarget section */

/* Begin PBXProject section */
		CEDAB9FF22F1A75500DF9D4B /* Project object */ = {
			isa = PBXProject;
			attributes = {
				LastUpgradeCheck = 1030;
				ORGANIZATIONNAME = "Sean Park";
				TargetAttributes = {
					CEDABA0622F1A75500DF9D4B = {
						CreatedOnToolsVersion = 10.3;
					};
				};
			};
			buildConfigurationList = CEDABA0222F1A75500DF9D4B /* Build configuration list for PBXProject "local-hough-line-cpp" */;
			compatibilityVersion = "Xcode 9.3";
			developmentRegion = en;
			hasScannedForEncodings = 0;
			knownRegions = (
				en,
			);
			mainGroup = CEDAB9FE22F1A75500DF9D4B;
			productRefGroup = CEDABA0822F1A75500DF9D4B /* Products */;
			projectDirPath = "";
			projectRoot = "";
			targets = (
				CEDABA0622F1A75500DF9D4B /* local-hough-line-cpp */,
			);
		};
/* End PBXProject section */

/* Begin PBXSourcesBuildPhase section */
		CEDABA0322F1A75500DF9D4B /* Sources */ = {
			isa = PBXSourcesBuildPhase;
			buildActionMask = 2147483647;
			files = (
				CE84D3C222F1BCBF0012BA85 /* LineFinder.cpp in Sources */,
				CE84D3FF22F47CC70012BA85 /* Visualizer.cpp in Sources */,
				CEDABA0B22F1A75500DF9D4B /* main.cpp in Sources */,
				CE84D3F922F1C5D00012BA85 /* Helper.cpp in Sources */,
			);
			runOnlyForDeploymentPostprocessing = 0;
		};
/* End PBXSourcesBuildPhase section */

/* Begin XCBuildConfiguration section */
		CEDABA0C22F1A75500DF9D4B /* Debug */ = {
			isa = XCBuildConfiguration;
			buildSettings = {
				ALWAYS_SEARCH_USER_PATHS = NO;
				CLANG_ANALYZER_NONNULL = YES;
				CLANG_ANALYZER_NUMBER_OBJECT_CONVERSION = YES_AGGRESSIVE;
				CLANG_CXX_LANGUAGE_STANDARD = "gnu++14";
				CLANG_CXX_LIBRARY = "libc++";
				CLANG_ENABLE_MODULES = YES;
				CLANG_ENABLE_OBJC_ARC = YES;
				CLANG_ENABLE_OBJC_WEAK = YES;
				CLANG_WARN_BLOCK_CAPTURE_AUTORELEASING = YES;
				CLANG_WARN_BOOL_CONVERSION = YES;
				CLANG_WARN_COMMA = YES;
				CLANG_WARN_CONSTANT_CONVERSION = YES;
				CLANG_WARN_DEPRECATED_OBJC_IMPLEMENTATIONS = YES;
				CLANG_WARN_DIRECT_OBJC_ISA_USAGE = YES_ERROR;
				CLANG_WARN_DOCUMENTATION_COMMENTS = YES;
				CLANG_WARN_EMPTY_BODY = YES;
				CLANG_WARN_ENUM_CONVERSION = YES;
				CLANG_WARN_INFINITE_RECURSION = YES;
				CLANG_WARN_INT_CONVERSION = YES;
				CLANG_WARN_NON_LITERAL_NULL_CONVERSION = YES;
				CLANG_WARN_OBJC_IMPLICIT_RETAIN_SELF = YES;
				CLANG_WARN_OBJC_LITERAL_CONVERSION = YES;
				CLANG_WARN_OBJC_ROOT_CLASS = YES_ERROR;
				CLANG_WARN_RANGE_LOOP_ANALYSIS = YES;
				CLANG_WARN_STRICT_PROTOTYPES = YES;
				CLANG_WARN_SUSPICIOUS_MOVE = YES;
				CLANG_WARN_UNGUARDED_AVAILABILITY = YES_AGGRESSIVE;
				CLANG_WARN_UNREACHABLE_CODE = YES;
				CLANG_WARN__DUPLICATE_METHOD_MATCH = YES;
				CODE_SIGN_IDENTITY = "-";
				COPY_PHASE_STRIP = NO;
				DEBUG_INFORMATION_FORMAT = dwarf;
				ENABLE_STRICT_OBJC_MSGSEND = YES;
				ENABLE_TESTABILITY = YES;
				GCC_C_LANGUAGE_STANDARD = gnu11;
				GCC_DYNAMIC_NO_PIC = NO;
				GCC_NO_COMMON_BLOCKS = YES;
				GCC_OPTIMIZATION_LEVEL = 0;
				GCC_PREPROCESSOR_DEFINITIONS = (
					"DEBUG=1",
					"$(inherited)",
				);
				GCC_WARN_64_TO_32_BIT_CONVERSION = YES;
				GCC_WARN_ABOUT_RETURN_TYPE = YES_ERROR;
				GCC_WARN_UNDECLARED_SELECTOR = YES;
				GCC_WARN_UNINITIALIZED_AUTOS = YES_AGGRESSIVE;
				GCC_WARN_UNUSED_FUNCTION = YES;
				GCC_WARN_UNUSED_VARIABLE = YES;
				MACOSX_DEPLOYMENT_TARGET = 10.14;
				MTL_ENABLE_DEBUG_INFO = INCLUDE_SOURCE;
				MTL_FAST_MATH = YES;
				ONLY_ACTIVE_ARCH = YES;
				SDKROOT = macosx;
			};
			name = Debug;
		};
		CEDABA0D22F1A75500DF9D4B /* Release */ = {
			isa = XCBuildConfiguration;
			buildSettings = {
				ALWAYS_SEARCH_USER_PATHS = NO;
				CLANG_ANALYZER_NONNULL = YES;
				CLANG_ANALYZER_NUMBER_OBJECT_CONVERSION = YES_AGGRESSIVE;
				CLANG_CXX_LANGUAGE_STANDARD = "gnu++14";
				CLANG_CXX_LIBRARY = "libc++";
				CLANG_ENABLE_MODULES = YES;
				CLANG_ENABLE_OBJC_ARC = YES;
				CLANG_ENABLE_OBJC_WEAK = YES;
				CLANG_WARN_BLOCK_CAPTURE_AUTORELEASING = YES;
				CLANG_WARN_BOOL_CONVERSION = YES;
				CLANG_WARN_COMMA = YES;
				CLANG_WARN_CONSTANT_CONVERSION = YES;
				CLANG_WARN_DEPRECATED_OBJC_IMPLEMENTATIONS = YES;
				CLANG_WARN_DIRECT_OBJC_ISA_USAGE = YES_ERROR;
				CLANG_WARN_DOCUMENTATION_COMMENTS = YES;
				CLANG_WARN_EMPTY_BODY = YES;
				CLANG_WARN_ENUM_CONVERSION = YES;
				CLANG_WARN_INFINITE_RECURSION = YES;
				CLANG_WARN_INT_CONVERSION = YES;
				CLANG_WARN_NON_LITERAL_NULL_CONVERSION = YES;
				CLANG_WARN_OBJC_IMPLICIT_RETAIN_SELF = YES;
				CLANG_WARN_OBJC_LITERAL_CONVERSION = YES;
				CLANG_WARN_OBJC_ROOT_CLASS = YES_ERROR;
				CLANG_WARN_RANGE_LOOP_ANALYSIS = YES;
				CLANG_WARN_STRICT_PROTOTYPES = YES;
				CLANG_WARN_SUSPICIOUS_MOVE = YES;
				CLANG_WARN_UNGUARDED_AVAILABILITY = YES_AGGRESSIVE;
				CLANG_WARN_UNREACHABLE_CODE = YES;
				CLANG_WARN__DUPLICATE_METHOD_MATCH = YES;
				CODE_SIGN_IDENTITY = "-";
				COPY_PHASE_STRIP = NO;
				DEBUG_INFORMATION_FORMAT = "dwarf-with-dsym";
				ENABLE_NS_ASSERTIONS = NO;
				ENABLE_STRICT_OBJC_MSGSEND = YES;
				GCC_C_LANGUAGE_STANDARD = gnu11;
				GCC_NO_COMMON_BLOCKS = YES;
				GCC_WARN_64_TO_32_BIT_CONVERSION = YES;
				GCC_WARN_ABOUT_RETURN_TYPE = YES_ERROR;
				GCC_WARN_UNDECLARED_SELECTOR = YES;
				GCC_WARN_UNINITIALIZED_AUTOS = YES_AGGRESSIVE;
				GCC_WARN_UNUSED_FUNCTION = YES;
				GCC_WARN_UNUSED_VARIABLE = YES;
				MACOSX_DEPLOYMENT_TARGET = 10.14;
				MTL_ENABLE_DEBUG_INFO = NO;
				MTL_FAST_MATH = YES;
				SDKROOT = macosx;
			};
			name = Release;
		};
		CEDABA0F22F1A75500DF9D4B /* Debug */ = {
			isa = XCBuildConfiguration;
			buildSettings = {
				CODE_SIGN_STYLE = Automatic;
				HEADER_SEARCH_PATHS = "/usr/local/Cellar/opencv/4.1.0_2/include/**";
				LIBRARY_SEARCH_PATHS = "/usr/local/Cellar/opencv/4.1.0_2/lib/**";
				OTHER_LDFLAGS = (
					"-I/usr/local/Cellar/opencv/4.1.0_2/include/opencv4/opencv",
					"-I/usr/local/Cellar/opencv/4.1.0_2/include/opencv4",
					"-L/usr/local/Cellar/opencv/4.1.0_2/lib",
					"-lopencv_gapi",
					"-lopencv_stitching",
					"-lopencv_aruco",
					"-lopencv_bgsegm",
					"-lopencv_bioinspired",
					"-lopencv_ccalib",
					"-lopencv_dnn_objdetect",
					"-lopencv_dpm",
					"-lopencv_face",
					"-lopencv_freetype",
					"-lopencv_fuzzy",
					"-lopencv_hfs",
					"-lopencv_img_hash",
					"-lopencv_line_descriptor",
					"-lopencv_quality",
					"-lopencv_reg",
					"-lopencv_rgbd",
					"-lopencv_saliency",
					"-lopencv_sfm",
					"-lopencv_stereo",
					"-lopencv_structured_light",
					"-lopencv_phase_unwrapping",
					"-lopencv_superres",
					"-lopencv_optflow",
					"-lopencv_surface_matching",
					"-lopencv_tracking",
					"-lopencv_datasets",
					"-lopencv_text",
					"-lopencv_dnn",
					"-lopencv_plot",
					"-lopencv_videostab",
					"-lopencv_video",
					"-lopencv_xfeatures2d",
					"-lopencv_shape",
					"-lopencv_ml",
					"-lopencv_ximgproc",
					"-lopencv_xobjdetect",
					"-lopencv_objdetect",
					"-lopencv_calib3d",
					"-lopencv_features2d",
					"-lopencv_highgui",
					"-lopencv_videoio",
					"-lopencv_imgcodecs",
					"-lopencv_flann",
					"-lopencv_xphoto",
					"-lopencv_photo",
					"-lopencv_imgproc",
					"-lopencv_core\n\n",
				);
				PRODUCT_NAME = "$(TARGET_NAME)";
			};
			name = Debug;
		};
		CEDABA1022F1A75500DF9D4B /* Release */ = {
			isa = XCBuildConfiguration;
			buildSettings = {
				CODE_SIGN_STYLE = Automatic;
				HEADER_SEARCH_PATHS = "/usr/local/Cellar/opencv/4.1.0_2/include/**";
				LIBRARY_SEARCH_PATHS = "/usr/local/Cellar/opencv/4.1.0_2/lib/**";
				OTHER_LDFLAGS = (
					"-I/usr/local/Cellar/opencv/4.1.0_2/include/opencv4/opencv",
					"-I/usr/local/Cellar/opencv/4.1.0_2/include/opencv4",
					"-L/usr/local/Cellar/opencv/4.1.0_2/lib",
					"-lopencv_gapi",
					"-lopencv_stitching",
					"-lopencv_aruco",
					"-lopencv_bgsegm",
					"-lopencv_bioinspired",
					"-lopencv_ccalib",
					"-lopencv_dnn_objdetect",
					"-lopencv_dpm",
					"-lopencv_face",
					"-lopencv_freetype",
					"-lopencv_fuzzy",
					"-lopencv_hfs",
					"-lopencv_img_hash",
					"-lopencv_line_descriptor",
					"-lopencv_quality",
					"-lopencv_reg",
					"-lopencv_rgbd",
					"-lopencv_saliency",
					"-lopencv_sfm",
					"-lopencv_stereo",
					"-lopencv_structured_light",
					"-lopencv_phase_unwrapping",
					"-lopencv_superres",
					"-lopencv_optflow",
					"-lopencv_surface_matching",
					"-lopencv_tracking",
					"-lopencv_datasets",
					"-lopencv_text",
					"-lopencv_dnn",
					"-lopencv_plot",
					"-lopencv_videostab",
					"-lopencv_video",
					"-lopencv_xfeatures2d",
					"-lopencv_shape",
					"-lopencv_ml",
					"-lopencv_ximgproc",
					"-lopencv_xobjdetect",
					"-lopencv_objdetect",
					"-lopencv_calib3d",
					"-lopencv_features2d",
					"-lopencv_highgui",
					"-lopencv_videoio",
					"-lopencv_imgcodecs",
					"-lopencv_flann",
					"-lopencv_xphoto",
					"-lopencv_photo",
					"-lopencv_imgproc",
					"-lopencv_core\n\n",
				);
				PRODUCT_NAME = "$(TARGET_NAME)";
			};
			name = Release;
		};
/* End XCBuildConfiguration section */

/* Begin XCConfigurationList section */
		CEDABA0222F1A75500DF9D4B /* Build configuration list for PBXProject "local-hough-line-cpp" */ = {
			isa = XCConfigurationList;
			buildConfigurations = (
				CEDABA0C22F1A75500DF9D4B /* Debug */,
				CEDABA0D22F1A75500DF9D4B /* Release */,
			);
			defaultConfigurationIsVisible = 0;
			defaultConfigurationName = Release;
		};
		CEDABA0E22F1A75500DF9D4B /* Build configuration list for PBXNativeTarget "local-hough-line-cpp" */ = {
			isa = XCConfigurationList;
			buildConfigurations = (
				CEDABA0F22F1A75500DF9D4B /* Debug */,
				CEDABA1022F1A75500DF9D4B /* Release */,
			);
			defaultConfigurationIsVisible = 0;
			defaultConfigurationName = Release;
		};
/* End XCConfigurationList section */
	};
	rootObject = CEDAB9FF22F1A75500DF9D4B /* Project object */;
}
